
Microsoft Visual Studio Solution File, Format Version 12.00
# Visual Studio Version 17
VisualStudioVersion = 17.2.32602.215
MinimumVisualStudioVersion = 10.0.40219.1
Project("{FAE04EC0-301F-11D3-BF4B-00C04F79EFBC}") = "PR1_ASP.NET", "PR1_ASP.NET\PR1_ASP.NET.csproj", "{56D17D49-20CD-49BF-BD02-D7CB7B0C4B23}"
EndProject
Global
	GlobalSection(SolutionConfigurationPlatforms) = preSolution
		Debug|Any CPU = Debug|Any CPU
		Release|Any CPU = Release|Any CPU
	EndGlobalSection
	GlobalSection(ProjectConfigurationPlatforms) = postSolution
		{56D17D49-20CD-49BF-BD02-D7CB7B0C4B23}.Debug|Any CPU.ActiveCfg = Debug|Any CPU
		{56D17D49-20CD-49BF-BD02-D7CB7B0C4B23}.Debug|Any CPU.Build.0 = Debug|Any CPU
		{56D17D49-20CD-49BF-BD02-D7CB7B0C4B23}.Release|Any CPU.ActiveCfg = Release|Any CPU
		{56D17D49-20CD-49BF-BD02-D7CB7B0C4B23}.Release|Any CPU.Build.0 = Release|Any CPU
	EndGlobalSection
	GlobalSection(SolutionProperties) = preSolution
		HideSolutionNode = FALSE
	EndGlobalSection
	GlobalSection(ExtensibilityGlobals) = postSolution
		SolutionGuid = {08CA04DA-0ACA-4398-AFDF-73A52C94A1E6}
	EndGlobalSection
EndGlobal
